
Microsoft Visual Studio Solution File, Format Version 12.00
# Visual Studio Version 16
VisualStudioVersion = 16.0.31005.135
MinimumVisualStudioVersion = 10.0.40219.1
Project("{FAE04EC0-301F-11D3-BF4B-00C04F79EFBC}") = "Pulsaciones", "Pulsaciones\Pulsaciones.csproj", "{E030A0E7-ED2C-432D-BB53-E722D7B01E6C}"
EndProject
Global
	GlobalSection(SolutionConfigurationPlatforms) = preSolution
		Debug|Any CPU = Debug|Any CPU
		Release|Any CPU = Release|Any CPU
	EndGlobalSection
	GlobalSection(ProjectConfigurationPlatforms) = postSolution
		{E030A0E7-ED2C-432D-BB53-E722D7B01E6C}.Debug|Any CPU.ActiveCfg = Debug|Any CPU
		{E030A0E7-ED2C-432D-BB53-E722D7B01E6C}.Debug|Any CPU.Build.0 = Debug|Any CPU
		{E030A0E7-ED2C-432D-BB53-E722D7B01E6C}.Release|Any CPU.ActiveCfg = Release|Any CPU
		{E030A0E7-ED2C-432D-BB53-E722D7B01E6C}.Release|Any CPU.Build.0 = Release|Any CPU
	EndGlobalSection
	GlobalSection(SolutionProperties) = preSolution
		HideSolutionNode = FALSE
	EndGlobalSection
	GlobalSection(ExtensibilityGlobals) = postSolution
		SolutionGuid = {C9AF54A5-E77F-496F-858F-B790A6436522}
	EndGlobalSection
EndGlobal
